version = 1

[resolved]
"lake.verity.input_rev" = "9b0114efcc0af589af63dd3f2eafcdf1a24dbf1e"
"lake.verity.rev" = "9b0114efcc0af589af63dd3f2eafcdf1a24dbf1e"
"lake.verity.url" = "https://github.com/lfglabs-dev/verity.git"
lean_toolchain = "leanprover/lean4:v4.22.0"
solc = "0.8.33"
verity_git = "https://github.com/lfglabs-dev/verity.git"
verity_rev = "9b0114efcc0af589af63dd3f2eafcdf1a24dbf1e"

[inputs]
"TamaProof.lean" = "39091c926575c72a814156d8178af4498563801e806f70d547daad2b5b98cb2e"
"TamaSpec.lean" = "6bfd12fb40175d82c20cb729f5ca640e0893c9a580e53ddf739c6bb014cf2648"
"TamaSrc.lean" = "20497b3eece53f51fcab1e294064bfc027cc6e659adaa482bf91faa0076ef73e"
"foundry.toml" = "61f08413416c82d3fbc2e89988fe402fbfea3f877c954d108d109b2dd4bebf54"
"lake-manifest.json" = "b1a0816d3f7854f51e88d47faf0306635af6736f28b653df83c37f625815a935"
"lakefile.toml" = "746fefd486a42d7a38bda68ebfba920b1192fdd4d3d9a349d3da428e80362963"
lean-toolchain = "8f6680f8389e8adee06cb2bd44372c6d60dce0e8301630b61a99a5642d1bd71b"
"tama.toml" = "0991cf2a79ebc19d32d57351046c1c0b048c97164d71a7d5302486d9d6a2ce91"

[yul]
evm_version = "cancun"
metadata_bytecode_hash = "none"
optimizer = true
optimizer_runs = 200
yul_optimizer = true
